
Microsoft Visual Studio Solution File, Format Version 12.00
# Visual Studio Version 17
VisualStudioVersion = 17.0.31903.59
MinimumVisualStudioVersion = 10.0.40219.1
Project("{FAE04EC0-301F-11D3-BF4B-00C04F79EFBC}") = "MultiSnap", "MultiSnap\MultiSnap.csproj", "{BF75741E-97B1-473B-975C-93EB427FF0C3}"
EndProject
Project("{FAE04EC0-301F-11D3-BF4B-00C04F79EFBC}") = "MultiSnap.Core", "MultiSnap.Core\MultiSnap.Core.csproj", "{6DC57F37-34FC-4EF8-8917-866F7097E86B}"
EndProject
Global
	GlobalSection(SolutionConfigurationPlatforms) = preSolution
		Debug|Any CPU = Debug|Any CPU
		Release|Any CPU = Release|Any CPU
	EndGlobalSection
	GlobalSection(SolutionProperties) = preSolution
		HideSolutionNode = FALSE
	EndGlobalSection
	GlobalSection(ProjectConfigurationPlatforms) = postSolution
		{BF75741E-97B1-473B-975C-93EB427FF0C3}.Debug|Any CPU.ActiveCfg = Debug|Any CPU
		{BF75741E-97B1-473B-975C-93EB427FF0C3}.Debug|Any CPU.Build.0 = Debug|Any CPU
		{BF75741E-97B1-473B-975C-93EB427FF0C3}.Release|Any CPU.ActiveCfg = Release|Any CPU
		{BF75741E-97B1-473B-975C-93EB427FF0C3}.Release|Any CPU.Build.0 = Release|Any CPU
		{6DC57F37-34FC-4EF8-8917-866F7097E86B}.Debug|Any CPU.ActiveCfg = Debug|Any CPU
		{6DC57F37-34FC-4EF8-8917-866F7097E86B}.Debug|Any CPU.Build.0 = Debug|Any CPU
		{6DC57F37-34FC-4EF8-8917-866F7097E86B}.Release|Any CPU.ActiveCfg = Release|Any CPU
		{6DC57F37-34FC-4EF8-8917-866F7097E86B}.Release|Any CPU.Build.0 = Release|Any CPU
	EndGlobalSection
EndGlobal
